# This file is generated by running "yarn install" inside your project.
# Manual changes might be lost - proceed with caution!

__metadata:
  version: 6

"@chefyolki-design-system/foundation@workspace:^, @chefyolki-design-system/foundation@workspace:packages/foundation":
  version: 0.0.0-use.local
  resolution: "@chefyolki-design-system/foundation@workspace:packages/foundation"
  languageName: unknown
  linkType: soft

"@chefyolki-design-system/react@workspace:^, @chefyolki-design-system/react@workspace:packages/react":
  version: 0.0.0-use.local
  resolution: "@chefyolki-design-system/react@workspace:packages/react"
  dependencies:
    "@chefyolki-design-system/foundation": "workspace:^"
  languageName: unknown
  linkType: soft

"@chefyolki-design-system/storybook@workspace:packages/storybook":
  version: 0.0.0-use.local
  resolution: "@chefyolki-design-system/storybook@workspace:packages/storybook"
  dependencies:
    "@chefyolki-design-system/foundation": "workspace:^"
    "@chefyolki-design-system/react": "workspace:^"
  languageName: unknown
  linkType: soft

"design-system-template@workspace:.":
  version: 0.0.0-use.local
  resolution: "design-system-template@workspace:."
  languageName: unknown
  linkType: soft
